{
  "name": "html",
  "version": "1.0.0",
  "lockfileVersion": 3,
  "requires": true,
  "packages": {
    "": {
      "name": "html",
      "version": "1.0.0",
      "license": "ISC",
      "dependencies": {
        "@brtmvdl/frontend": "^0.3.0"
      }
    },
    "node_modules/@brtmvdl/frontend": {
      "version": "0.3.0",
      "resolved": "https://registry.npmjs.org/@brtmvdl/frontend/-/frontend-0.3.0.tgz",
      "integrity": "sha512-xwx3c+CT71aQ64xijhmACZYa+Kxvz6IXkeE805XqU0VinQvRafQuOyD/8M12MNEvYd1s6Rk1PaVUQthyLmzyng==",
      "bin": {
        "frontend": "bin/index.js"
      }
    }
  }
}
